
Microsoft Visual Studio Solution File, Format Version 12.00
# Visual Studio 15
VisualStudioVersion = 15.0.28010.2026
MinimumVisualStudioVersion = 10.0.40219.1
Project("{888888A0-9F3D-457C-B088-3A5042F75D52}") = "rectangle", "rectangle\rectangle.pyproj", "{9BDF77F6-F26C-4807-AFCB-A7217DCD1D5C}"
EndProject
Global
	GlobalSection(SolutionConfigurationPlatforms) = preSolution
		Debug|Any CPU = Debug|Any CPU
		Release|Any CPU = Release|Any CPU
	EndGlobalSection
	GlobalSection(ProjectConfigurationPlatforms) = postSolution
		{9BDF77F6-F26C-4807-AFCB-A7217DCD1D5C}.Debug|Any CPU.ActiveCfg = Debug|Any CPU
		{9BDF77F6-F26C-4807-AFCB-A7217DCD1D5C}.Release|Any CPU.ActiveCfg = Release|Any CPU
	EndGlobalSection
	GlobalSection(SolutionProperties) = preSolution
		HideSolutionNode = FALSE
	EndGlobalSection
	GlobalSection(ExtensibilityGlobals) = postSolution
		SolutionGuid = {90A0D250-D14C-40F7-B522-982284A36105}
	EndGlobalSection
EndGlobal
