
Microsoft Visual Studio Solution File, Format Version 12.00
# Visual Studio 15
VisualStudioVersion = 15.0.28010.2026
MinimumVisualStudioVersion = 10.0.40219.1
Project("{888888A0-9F3D-457C-B088-3A5042F75D52}") = "circle", "circle\circle.pyproj", "{034E8219-EFD9-4065-BFF9-338922E4B6DB}"
EndProject
Global
	GlobalSection(SolutionConfigurationPlatforms) = preSolution
		Debug|Any CPU = Debug|Any CPU
		Release|Any CPU = Release|Any CPU
	EndGlobalSection
	GlobalSection(ProjectConfigurationPlatforms) = postSolution
		{034E8219-EFD9-4065-BFF9-338922E4B6DB}.Debug|Any CPU.ActiveCfg = Debug|Any CPU
		{034E8219-EFD9-4065-BFF9-338922E4B6DB}.Release|Any CPU.ActiveCfg = Release|Any CPU
	EndGlobalSection
	GlobalSection(SolutionProperties) = preSolution
		HideSolutionNode = FALSE
	EndGlobalSection
	GlobalSection(ExtensibilityGlobals) = postSolution
		SolutionGuid = {6A680FB3-A59D-4EE9-89D7-28612D45E515}
	EndGlobalSection
EndGlobal
